dependencies:
- name: dwv-ingest
  repository: https://artifactory.adv.evoforge.org/artifactory/y341-helm-local/
  version: 3.28.0
- name: dwv-web
  repository: https://artifactory.adv.evoforge.org/artifactory/y341-helm-local/
  version: 3.28.0
- name: dwv-zookeeper
  repository: https://artifactory.adv.evoforge.org/artifactory/y341-helm-local/
  version: 3.6.3
- name: dwv-accumulo
  repository: https://artifactory.adv.evoforge.org/artifactory/y341-helm-local/
  version: 1.10.2
- name: dwv-hadoop
  repository: https://artifactory.adv.evoforge.org/artifactory/y341-helm-local/
  version: 3.3.3
digest: sha256:cf620fa2e549475c8beebfca83ab0baee2c6adc73ea9cbabcefa13d0e6163f8b
generated: "2022-11-22T10:20:36.493227029-05:00"
